
Microsoft Visual Studio Solution File, Format Version 12.00
# Visual Studio Version 17
VisualStudioVersion = 17.6.33723.286
MinimumVisualStudioVersion = 10.0.40219.1
Project("{9A19103F-16F7-4668-BE54-9A1E7A4F7556}") = "FoulNet", "FoulNet.csproj", "{E9C14889-C56A-4494-BF20-0B95D6C6CB30}"
EndProject
Global
	GlobalSection(SolutionConfigurationPlatforms) = preSolution
		Debug|Any CPU = Debug|Any CPU
		Release|Any CPU = Release|Any CPU
	EndGlobalSection
	GlobalSection(ProjectConfigurationPlatforms) = postSolution
		{E9C14889-C56A-4494-BF20-0B95D6C6CB30}.Debug|Any CPU.ActiveCfg = Debug|Any CPU
		{E9C14889-C56A-4494-BF20-0B95D6C6CB30}.Debug|Any CPU.Build.0 = Debug|Any CPU
		{E9C14889-C56A-4494-BF20-0B95D6C6CB30}.Release|Any CPU.ActiveCfg = Release|Any CPU
		{E9C14889-C56A-4494-BF20-0B95D6C6CB30}.Release|Any CPU.Build.0 = Release|Any CPU
	EndGlobalSection
	GlobalSection(SolutionProperties) = preSolution
		HideSolutionNode = FALSE
	EndGlobalSection
	GlobalSection(ExtensibilityGlobals) = postSolution
		SolutionGuid = {8D5E725A-58A8-4178-B5DB-8E714F967266}
	EndGlobalSection
EndGlobal
